{
  "name": "orxtra",
  "version": "0.13.0",
  "lockfileVersion": 3,
  "requires": true,
  "packages": {
    "": {
      "name": "orxtra",
      "version": "0.13.0",
      "license": "BUSL-1.1",
      "bin": {
        "orxtra": "bin/orxtra.js"
      },
      "engines": {
        "node": ">=16"
      }
    }
  }
}
